
Microsoft Visual Studio Solution File, Format Version 12.00
# Visual Studio Version 17
VisualStudioVersion = 17.9.34701.34
MinimumVisualStudioVersion = 10.0.40219.1
Project("{FAE04EC0-301F-11D3-BF4B-00C04F79EFBC}") = "Seq.App.JsonFormattedArchive", "Seq.App.JsonFormattedArchive.csproj", "{69E5A006-BA42-48BC-B7CD-569C89B355E3}"
EndProject
Global
	GlobalSection(SolutionConfigurationPlatforms) = preSolution
		Debug|Any CPU = Debug|Any CPU
		Release|Any CPU = Release|Any CPU
	EndGlobalSection
	GlobalSection(ProjectConfigurationPlatforms) = postSolution
		{69E5A006-BA42-48BC-B7CD-569C89B355E3}.Debug|Any CPU.ActiveCfg = Debug|Any CPU
		{69E5A006-BA42-48BC-B7CD-569C89B355E3}.Debug|Any CPU.Build.0 = Debug|Any CPU
		{69E5A006-BA42-48BC-B7CD-569C89B355E3}.Release|Any CPU.ActiveCfg = Release|Any CPU
		{69E5A006-BA42-48BC-B7CD-569C89B355E3}.Release|Any CPU.Build.0 = Release|Any CPU
	EndGlobalSection
	GlobalSection(SolutionProperties) = preSolution
		HideSolutionNode = FALSE
	EndGlobalSection
	GlobalSection(ExtensibilityGlobals) = postSolution
		SolutionGuid = {A5FAAA9C-A2A2-40E8-8E79-C97FABCEBF5F}
	EndGlobalSection
EndGlobal
